
Microsoft Visual Studio Solution File, Format Version 9.00
# Visual Studio 2005
Project("{8BC9CEB8-8B4A-11D0-8D11-00A0C91BC942}") = "MSTSHelp", "MSTSHelp\MSTSHelp.vcproj", "{39899C11-4842-4DC3-B377-727EBBE85680}"
EndProject
Project("{8BC9CEB8-8B4A-11D0-8D11-00A0C91BC942}") = "SignSpeedLimit", "SignSpeedLimit\SignSpeedLimit.vcproj", "{0639E122-351D-4766-B424-23C8BA6DBD94}"
EndProject
Global
	GlobalSection(SolutionConfigurationPlatforms) = preSolution
		Debug|Win32 = Debug|Win32
		Release|Win32 = Release|Win32
	EndGlobalSection
	GlobalSection(ProjectConfigurationPlatforms) = postSolution
		{39899C11-4842-4DC3-B377-727EBBE85680}.Debug|Win32.ActiveCfg = Debug|Win32
		{39899C11-4842-4DC3-B377-727EBBE85680}.Debug|Win32.Build.0 = Debug|Win32
		{39899C11-4842-4DC3-B377-727EBBE85680}.Release|Win32.ActiveCfg = Release|Win32
		{39899C11-4842-4DC3-B377-727EBBE85680}.Release|Win32.Build.0 = Release|Win32
		{0639E122-351D-4766-B424-23C8BA6DBD94}.Debug|Win32.ActiveCfg = Debug|Win32
		{0639E122-351D-4766-B424-23C8BA6DBD94}.Debug|Win32.Build.0 = Debug|Win32
		{0639E122-351D-4766-B424-23C8BA6DBD94}.Release|Win32.ActiveCfg = Release|Win32
		{0639E122-351D-4766-B424-23C8BA6DBD94}.Release|Win32.Build.0 = Release|Win32
	EndGlobalSection
	GlobalSection(SolutionProperties) = preSolution
		HideSolutionNode = FALSE
	EndGlobalSection
EndGlobal
